schema = "reprobuild.solved-graph-lock.v2"

[lock]
platform = "amd64-linux"
optimal = false
inputs_digest = "fnv1a64:79ff0a4d91b36d8d"
variants = []
packages = [{ name = "cargo", version = "1.83.0", source = "cargo", selection = "selected" }, { name = "codetracer_wasm_instrumenter", version = "0.1.0", source = "codetracer_wasm_instrumenter", selection = "selected" }, { name = "rustc", version = "1.83.0", source = "rustc", selection = "selected" }]
deps = [{ name = "codetracer", path = "../codetracer", coord_kind = "vcs", url = "https://github.com/metacraft-labs/codetracer", ref = "", revision = "704bf164e15098983f13f699bb739cfa768bf1dd", integrity = "git-sha1:704bf164e15098983f13f699bb739cfa768bf1dd", version = "", visibility = "public", participation = "", depends = "", tags = "" }, { name = "codetracer-beam-recorder", path = "../codetracer-beam-recorder", coord_kind = "vcs", url = "https://github.com/metacraft-labs/codetracer-beam-recorder", ref = "stabilize-recorder-landings-20261003", revision = "61b5c6fb437cbd1b375a174d58e1c22cd0c26667", integrity = "git-sha1:61b5c6fb437cbd1b375a174d58e1c22cd0c26667", version = "", visibility = "public", participation = "", depends = "", tags = "" }, { name = "codetracer-evm-recorder", path = "../codetracer-evm-recorder", coord_kind = "vcs", url = "https://github.com/metacraft-labs/codetracer-evm-recorder", ref = "", revision = "64be0d3beaf7a10a92a577fcc962c028ccd5cc1d", integrity = "git-sha1:64be0d3beaf7a10a92a577fcc962c028ccd5cc1d", version = "", visibility = "public", participation = "", depends = "", tags = "" }, { name = "codetracer-js-recorder", path = "../codetracer-js-recorder", coord_kind = "vcs", url = "https://github.com/metacraft-labs/codetracer-js-recorder", ref = "stabilize-recorder-landings-20261003", revision = "3adc3f0d626c731ee6fc9d64f31f10ba924ed8c5", integrity = "git-sha1:3adc3f0d626c731ee6fc9d64f31f10ba924ed8c5", version = "", visibility = "public", participation = "", depends = "", tags = "" }, { name = "codetracer-launcher", path = "../codetracer-launcher", coord_kind = "vcs", url = "https://github.com/metacraft-labs/codetracer-launcher", ref = "stabilize-recorder-landings-20261003", revision = "badec9fad9d924ffe3918924241e24a912e6c76d", integrity = "git-sha1:badec9fad9d924ffe3918924241e24a912e6c76d", version = "", visibility = "public", participation = "", depends = "", tags = "" }, { name = "codetracer-native-backend", path = "../codetracer-native-backend", coord_kind = "vcs", url = "https://github.com/metacraft-labs/codetracer-native-backend", ref = "", revision = "65f73fd26aabc39a59f45eef1e87d3c439e1dd1b", integrity = "git-sha1:65f73fd26aabc39a59f45eef1e87d3c439e1dd1b", version = "", visibility = "public", participation = "", depends = "", tags = "" }, { name = "codetracer-native-recorder", path = "../codetracer-native-recorder", coord_kind = "vcs", url = "https://github.com/metacraft-labs/codetracer-native-recorder", ref = "", revision = "df2948cd212bfe96aaa482019646757aed94b7cd", integrity = "git-sha1:df2948cd212bfe96aaa482019646757aed94b7cd", version = "", visibility = "public", participation = "", depends = "", tags = "" }, { name = "codetracer-python-recorder", path = "../codetracer-python-recorder", coord_kind = "vcs", url = "https://github.com/metacraft-labs/codetracer-python-recorder", ref = "stabilize-recorder-landings-20261003", revision = "030a8e8f541d9a6478e529d690d0bbf2144e10d6", integrity = "git-sha1:030a8e8f541d9a6478e529d690d0bbf2144e10d6", version = "", visibility = "public", participation = "", depends = "", tags = "" }, { name = "codetracer-ruby-recorder", path = "../codetracer-ruby-recorder", coord_kind = "vcs", url = "https://github.com/metacraft-labs/codetracer-ruby-recorder", ref = "agents-to-dev-2026-10-03", revision = "fc70758b98f25ae59ddf687c594eb5ef23cfeaec", integrity = "git-sha1:fc70758b98f25ae59ddf687c594eb5ef23cfeaec", version = "", visibility = "public", participation = "", depends = "", tags = "" }, { name = "codetracer-test-mirror", path = "../codetracer-test-mirror", coord_kind = "vcs", url = "https://github.com/metacraft-labs/codetracer-test-mirror", ref = "stabilize-recorder-landings-20261003", revision = "777a8e31fa328c101eaf02012b22fc223ed771d2", integrity = "git-sha1:777a8e31fa328c101eaf02012b22fc223ed771d2", version = "", visibility = "public", participation = "", depends = "", tags = "" }, { name = "codetracer-trace-format", path = "../codetracer-trace-format", coord_kind = "vcs", url = "https://github.com/metacraft-labs/codetracer-trace-format", ref = "", revision = "f39e71016715b4ba67b626f4c971acfd6a766977", integrity = "git-sha1:f39e71016715b4ba67b626f4c971acfd6a766977", version = "", visibility = "public", participation = "", depends = "", tags = "" }, { name = "codetracer-trace-format-nim", path = "../codetracer-trace-format-nim", coord_kind = "vcs", url = "https://github.com/metacraft-labs/codetracer-trace-format-nim", ref = "", revision = "61c6bbce06dd8864b3b45b6377a81d96f7419bbd", integrity = "git-sha1:61c6bbce06dd8864b3b45b6377a81d96f7419bbd", version = "", visibility = "public", participation = "", depends = "", tags = "" }, { name = "codetracer-visual-replay", path = "../codetracer-visual-replay", coord_kind = "vcs", url = "https://github.com/metacraft-labs/codetracer-visual-replay", ref = "stabilize-recorder-landings-20261003", revision = "4428479ffaffaf71ee0685a85713037fed97ba7d", integrity = "git-sha1:4428479ffaffaf71ee0685a85713037fed97ba7d", version = "", visibility = "public", participation = "", depends = "", tags = "" }, { name = "codetracer-vscode-extension", path = "../codetracer-vscode-extension", coord_kind = "vcs", url = "https://github.com/metacraft-labs/codetracer-vscode-extension", ref = "", revision = "0ccfc84399789d34516e2e3b76552cd3ee7b2c97", integrity = "git-sha1:0ccfc84399789d34516e2e3b76552cd3ee7b2c97", version = "", visibility = "public", participation = "", depends = "", tags = "" }, { name = "codetracer-wasm-instrumenter", path = ".", coord_kind = "vcs", url = "https://github.com/metacraft-labs/codetracer-wasm-instrumenter", ref = "agents-to-dev-2026-10-03", revision = "712987eb862122d33c6dad85c9d83ec93b5bf1ba", integrity = "git-sha1:712987eb862122d33c6dad85c9d83ec93b5bf1ba", version = "", visibility = "public", participation = "", depends = "codetracer,codetracer-beam-recorder,codetracer-evm-recorder,codetracer-js-recorder,codetracer-launcher,codetracer-native-backend,codetracer-native-recorder,codetracer-python-recorder,codetracer-ruby-recorder,codetracer-test-mirror,codetracer-trace-format,codetracer-trace-format-nim,codetracer-visual-replay,codetracer-vscode-extension,codetracer-wasm-recorder", tags = "" }, { name = "codetracer-wasm-recorder", path = "../codetracer-wasm-recorder", coord_kind = "vcs", url = "https://github.com/metacraft-labs/codetracer-wasm-recorder", ref = "", revision = "c8c88d0e61827ff8d19b6ac84c8a0dbf0e3457f6", integrity = "git-sha1:c8c88d0e61827ff8d19b6ac84c8a0dbf0e3457f6", version = "", visibility = "public", participation = "", depends = "", tags = "" }]
